// !$*UTF8*$!
{
	archiveVersion = 1;
	classes = {
	};
	objectVersion = 56;
	objects = {

/* Begin PBXBuildFile section */
		851C3E16295233C50036DCE4 /* Pie.swift in Sources */ = {isa = PBXBuildFile; fileRef = 851C3E15295233C50036DCE4 /* Pie.swift */; };
		851C3E192952348A0036DCE4 /* Cardify.swift in Sources */ = {isa = PBXBuildFile; fileRef = 851C3E182952348A0036DCE4 /* Cardify.swift */; };
		851C3E1B295234AF0036DCE4 /* EmojiMemoryGame.swift in Sources */ = {isa = PBXBuildFile; fileRef = 851C3E1A295234AF0036DCE4 /* EmojiMemoryGame.swift */; };
		851C3E1D2952351E0036DCE4 /* Array+Identifiable.swift in Sources */ = {isa = PBXBuildFile; fileRef = 851C3E1C2952351E0036DCE4 /* Array+Identifiable.swift */; };
		851C3E1F2952355F0036DCE4 /* Array+Only.swift in Sources */ = {isa = PBXBuildFile; fileRef = 851C3E1E2952355F0036DCE4 /* Array+Only.swift */; };
		851C3E21295235850036DCE4 /* Data.swift in Sources */ = {isa = PBXBuildFile; fileRef = 851C3E20295235850036DCE4 /* Data.swift */; };
		851C3E24295237B50036DCE4 /* Grid.swift in Sources */ = {isa = PBXBuildFile; fileRef = 851C3E23295237B50036DCE4 /* Grid.swift */; };
		851C3E27295237D30036DCE4 /* GridLayout.swift in Sources */ = {isa = PBXBuildFile; fileRef = 851C3E26295237D30036DCE4 /* GridLayout.swift */; };
		851C3E29295238110036DCE4 /* Landmark.swift in Sources */ = {isa = PBXBuildFile; fileRef = 851C3E28295238110036DCE4 /* Landmark.swift */; };
		851C3E2B295238380036DCE4 /* MemoryGame.swift in Sources */ = {isa = PBXBuildFile; fileRef = 851C3E2A295238380036DCE4 /* MemoryGame.swift */; };
		851C3E2E29523CF70036DCE4 /* landmarkData.json in Resources */ = {isa = PBXBuildFile; fileRef = 851C3E2D29523CF70036DCE4 /* landmarkData.json */; };
		85449E1D29522B2400223A09 /* Memorize_2020App.swift in Sources */ = {isa = PBXBuildFile; fileRef = 85449E1C29522B2400223A09 /* Memorize_2020App.swift */; };
		85449E1F29522B2400223A09 /* ContentView.swift in Sources */ = {isa = PBXBuildFile; fileRef = 85449E1E29522B2400223A09 /* ContentView.swift */; };
		85449E2129522B2500223A09 /* Assets.xcassets in Resources */ = {isa = PBXBuildFile; fileRef = 85449E2029522B2500223A09 /* Assets.xcassets */; };
		85449E2529522B2500223A09 /* Preview Assets.xcassets in Resources */ = {isa = PBXBuildFile; fileRef = 85449E2429522B2500223A09 /* Preview Assets.xcassets */; };
		85449E2F29522B2500223A09 /* Memorize_2020Tests.swift in Sources */ = {isa = PBXBuildFile; fileRef = 85449E2E29522B2500223A09 /* Memorize_2020Tests.swift */; };
		85449E3929522B2500223A09 /* Memorize_2020UITests.swift in Sources */ = {isa = PBXBuildFile; fileRef = 85449E3829522B2500223A09 /* Memorize_2020UITests.swift */; };
		85449E3B29522B2500223A09 /* Memorize_2020UITestsLaunchTests.swift in Sources */ = {isa = PBXBuildFile; fileRef = 85449E3A29522B2500223A09 /* Memorize_2020UITestsLaunchTests.swift */; };
		85449E4929522E0D00223A09 /* LandMarkDetail.swift in Sources */ = {isa = PBXBuildFile; fileRef = 85449E4829522E0D00223A09 /* LandMarkDetail.swift */; };
		85449E4B29522E3400223A09 /* LandMarkList.swift in Sources */ = {isa = PBXBuildFile; fileRef = 85449E4A29522E3400223A09 /* LandMarkList.swift */; };
		85449E4D29522EE700223A09 /* LandMarkRow.swift in Sources */ = {isa = PBXBuildFile; fileRef = 85449E4C29522EE700223A09 /* LandMarkRow.swift */; };
/* End PBXBuildFile section */

/* Begin PBXContainerItemProxy section */
		85449E2B29522B2500223A09 /* PBXContainerItemProxy */ = {
			isa = PBXContainerItemProxy;
			containerPortal = 85449E1129522B2400223A09 /* Project object */;
			proxyType = 1;
			remoteGlobalIDString = 85449E1829522B2400223A09;
			remoteInfo = "Memorize 2020";
		};
		85449E3529522B2500223A09 /* PBXContainerItemProxy */ = {
			isa = PBXContainerItemProxy;
			containerPortal = 85449E1129522B2400223A09 /* Project object */;
			proxyType = 1;
			remoteGlobalIDString = 85449E1829522B2400223A09;
			remoteInfo = "Memorize 2020";
		};
/* End PBXContainerItemProxy section */

/* Begin PBXFileReference section */
		851C3E15295233C50036DCE4 /* Pie.swift */ = {isa = PBXFileReference; lastKnownFileType = sourcecode.swift; path = Pie.swift; sourceTree = "<group>"; };
		851C3E182952348A0036DCE4 /* Cardify.swift */ = {isa = PBXFileReference; lastKnownFileType = sourcecode.swift; path = Cardify.swift; sourceTree = "<group>"; };
		851C3E1A295234AF0036DCE4 /* EmojiMemoryGame.swift */ = {isa = PBXFileReference; lastKnownFileType = sourcecode.swift; path = EmojiMemoryGame.swift; sourceTree = "<group>"; };
		851C3E1C2952351E0036DCE4 /* Array+Identifiable.swift */ = {isa = PBXFileReference; lastKnownFileType = sourcecode.swift; path = "Array+Identifiable.swift"; sourceTree = "<group>"; };
		851C3E1E2952355F0036DCE4 /* Array+Only.swift */ = {isa = PBXFileReference; lastKnownFileType = sourcecode.swift; path = "Array+Only.swift"; sourceTree = "<group>"; };
		851C3E20295235850036DCE4 /* Data.swift */ = {isa = PBXFileReference; lastKnownFileType = sourcecode.swift; path = Data.swift; sourceTree = "<group>"; };
		851C3E23295237B50036DCE4 /* Grid.swift */ = {isa = PBXFileReference; lastKnownFileType = sourcecode.swift; path = Grid.swift; sourceTree = "<group>"; };
		851C3E26295237D30036DCE4 /* GridLayout.swift */ = {isa = PBXFileReference; lastKnownFileType = sourcecode.swift; path = GridLayout.swift; sourceTree = "<group>"; };
		851C3E28295238110036DCE4 /* Landmark.swift */ = {isa = PBXFileReference; lastKnownFileType = sourcecode.swift; path = Landmark.swift; sourceTree = "<group>"; };
		851C3E2A295238380036DCE4 /* MemoryGame.swift */ = {isa = PBXFileReference; lastKnownFileType = sourcecode.swift; path = MemoryGame.swift; sourceTree = "<group>"; };
		851C3E2D29523CF70036DCE4 /* landmarkData.json */ = {isa = PBXFileReference; fileEncoding = 4; lastKnownFileType = text.json; name = landmarkData.json; path = "../../../Visual Studio Code/landmarkData.json"; sourceTree = "<group>"; };
		85449E1929522B2400223A09 /* Memorize 2020.app */ = {isa = PBXFileReference; explicitFileType = wrapper.application; includeInIndex = 0; path = "Memorize 2020.app"; sourceTree = BUILT_PRODUCTS_DIR; };
		85449E1C29522B2400223A09 /* Memorize_2020App.swift */ = {isa = PBXFileReference; lastKnownFileType = sourcecode.swift; path = Memorize_2020App.swift; sourceTree = "<group>"; };
		85449E1E29522B2400223A09 /* ContentView.swift */ = {isa = PBXFileReference; lastKnownFileType = sourcecode.swift; path = ContentView.swift; sourceTree = "<group>"; };
		85449E2029522B2500223A09 /* Assets.xcassets */ = {isa = PBXFileReference; lastKnownFileType = folder.assetcatalog; path = Assets.xcassets; sourceTree = "<group>"; };
		85449E2229522B2500223A09 /* Memorize_2020.entitlements */ = {isa = PBXFileReference; lastKnownFileType = text.plist.entitlements; path = Memorize_2020.entitlements; sourceTree = "<group>"; };
		85449E2429522B2500223A09 /* Preview Assets.xcassets */ = {isa = PBXFileReference; lastKnownFileType = folder.assetcatalog; path = "Preview Assets.xcassets"; sourceTree = "<group>"; };
		85449E2A29522B2500223A09 /* Memorize 2020Tests.xctest */ = {isa = PBXFileReference; explicitFileType = wrapper.cfbundle; includeInIndex = 0; path = "Memorize 2020Tests.xctest"; sourceTree = BUILT_PRODUCTS_DIR; };
		85449E2E29522B2500223A09 /* Memorize_2020Tests.swift */ = {isa = PBXFileReference; lastKnownFileType = sourcecode.swift; path = Memorize_2020Tests.swift; sourceTree = "<group>"; };
		85449E3429522B2500223A09 /* Memorize 2020UITests.xctest */ = {isa = PBXFileReference; explicitFileType = wrapper.cfbundle; includeInIndex = 0; path = "Memorize 2020UITests.xctest"; sourceTree = BUILT_PRODUCTS_DIR; };
		85449E3829522B2500223A09 /* Memorize_2020UITests.swift */ = {isa = PBXFileReference; lastKnownFileType = sourcecode.swift; path = Memorize_2020UITests.swift; sourceTree = "<group>"; };
		85449E3A29522B2500223A09 /* Memorize_2020UITestsLaunchTests.swift */ = {isa = PBXFileReference; lastKnownFileType = sourcecode.swift; path = Memorize_2020UITestsLaunchTests.swift; sourceTree = "<group>"; };
		85449E4829522E0D00223A09 /* LandMarkDetail.swift */ = {isa = PBXFileReference; lastKnownFileType = sourcecode.swift; path = LandMarkDetail.swift; sourceTree = "<group>"; };
		85449E4A29522E3400223A09 /* LandMarkList.swift */ = {isa = PBXFileReference; lastKnownFileType = sourcecode.swift; path = LandMarkList.swift; sourceTree = "<group>"; };
		85449E4C29522EE700223A09 /* LandMarkRow.swift */ = {isa = PBXFileReference; lastKnownFileType = sourcecode.swift; path = LandMarkRow.swift; sourceTree = "<group>"; };
/* End PBXFileReference section */

/* Begin PBXFrameworksBuildPhase section */
		85449E1629522B2400223A09 /* Frameworks */ = {
			isa = PBXFrameworksBuildPhase;
			buildActionMask = 2147483647;
			files = (
			);
			runOnlyForDeploymentPostprocessing = 0;
		};
		85449E2729522B2500223A09 /* Frameworks */ = {
			isa = PBXFrameworksBuildPhase;
			buildActionMask = 2147483647;
			files = (
			);
			runOnlyForDeploymentPostprocessing = 0;
		};
		85449E3129522B2500223A09 /* Frameworks */ = {
			isa = PBXFrameworksBuildPhase;
			buildActionMask = 2147483647;
			files = (
			);
			runOnlyForDeploymentPostprocessing = 0;
		};
/* End PBXFrameworksBuildPhase section */

/* Begin PBXGroup section */
		851C3E17295234670036DCE4 /* ViewMODEL */ = {
			isa = PBXGroup;
			children = (
				851C3E182952348A0036DCE4 /* Cardify.swift */,
				851C3E1A295234AF0036DCE4 /* EmojiMemoryGame.swift */,
			);
			path = ViewMODEL;
			sourceTree = "<group>";
		};
		851C3E22295237890036DCE4 /* Model */ = {
			isa = PBXGroup;
			children = (
				851C3E23295237B50036DCE4 /* Grid.swift */,
				851C3E26295237D30036DCE4 /* GridLayout.swift */,
				851C3E28295238110036DCE4 /* Landmark.swift */,
				851C3E2A295238380036DCE4 /* MemoryGame.swift */,
			);
			path = Model;
			sourceTree = "<group>";
		};
		85449E1029522B2400223A09 = {
			isa = PBXGroup;
			children = (
				85449E1B29522B2400223A09 /* Memorize 2020 */,
				85449E3729522B2500223A09 /* Memorize 2020UITests */,
				85449E1A29522B2400223A09 /* Products */,
			);
			sourceTree = "<group>";
		};
		85449E1A29522B2400223A09 /* Products */ = {
			isa = PBXGroup;
			children = (
				85449E1929522B2400223A09 /* Memorize 2020.app */,
				85449E2A29522B2500223A09 /* Memorize 2020Tests.xctest */,
				85449E3429522B2500223A09 /* Memorize 2020UITests.xctest */,
			);
			name = Products;
			sourceTree = "<group>";
		};
		85449E1B29522B2400223A09 /* Memorize 2020 */ = {
			isa = PBXGroup;
			children = (
				851C3E2D29523CF70036DCE4 /* landmarkData.json */,
				851C3E22295237890036DCE4 /* Model */,
				851C3E17295234670036DCE4 /* ViewMODEL */,
				85449E4729522DDB00223A09 /* View */,
				85449E1C29522B2400223A09 /* Memorize_2020App.swift */,
				851C3E1C2952351E0036DCE4 /* Array+Identifiable.swift */,
				851C3E1E2952355F0036DCE4 /* Array+Only.swift */,
				851C3E20295235850036DCE4 /* Data.swift */,
				85449E2D29522B2500223A09 /* Memorize 2020Tests */,
				85449E2029522B2500223A09 /* Assets.xcassets */,
				85449E2229522B2500223A09 /* Memorize_2020.entitlements */,
				85449E2329522B2500223A09 /* Preview Content */,
			);
			path = "Memorize 2020";
			sourceTree = "<group>";
		};
		85449E2329522B2500223A09 /* Preview Content */ = {
			isa = PBXGroup;
			children = (
				85449E2429522B2500223A09 /* Preview Assets.xcassets */,
			);
			path = "Preview Content";
			sourceTree = "<group>";
		};
		85449E2D29522B2500223A09 /* Memorize 2020Tests */ = {
			isa = PBXGroup;
			children = (
				85449E2E29522B2500223A09 /* Memorize_2020Tests.swift */,
			);
			path = "Memorize 2020Tests";
			sourceTree = "<group>";
		};
		85449E3729522B2500223A09 /* Memorize 2020UITests */ = {
			isa = PBXGroup;
			children = (
				85449E3829522B2500223A09 /* Memorize_2020UITests.swift */,
				85449E3A29522B2500223A09 /* Memorize_2020UITestsLaunchTests.swift */,
			);
			path = "Memorize 2020UITests";
			sourceTree = "<group>";
		};
		85449E4729522DDB00223A09 /* View */ = {
			isa = PBXGroup;
			children = (
				85449E1E29522B2400223A09 /* ContentView.swift */,
				85449E4829522E0D00223A09 /* LandMarkDetail.swift */,
				85449E4A29522E3400223A09 /* LandMarkList.swift */,
				85449E4C29522EE700223A09 /* LandMarkRow.swift */,
				851C3E15295233C50036DCE4 /* Pie.swift */,
			);
			path = View;
			sourceTree = "<group>";
		};
/* End PBXGroup section */

/* Begin PBXNativeTarget section */
		85449E1829522B2400223A09 /* Memorize 2020 */ = {
			isa = PBXNativeTarget;
			buildConfigurationList = 85449E3E29522B2500223A09 /* Build configuration list for PBXNativeTarget "Memorize 2020" */;
			buildPhases = (
				85449E1529522B2400223A09 /* Sources */,
				85449E1629522B2400223A09 /* Frameworks */,
				85449E1729522B2400223A09 /* Resources */,
			);
			buildRules = (
			);
			dependencies = (
			);
			name = "Memorize 2020";
			productName = "Memorize 2020";
			productReference = 85449E1929522B2400223A09 /* Memorize 2020.app */;
			productType = "com.apple.product-type.application";
		};
		85449E2929522B2500223A09 /* Memorize 2020Tests */ = {
			isa = PBXNativeTarget;
			buildConfigurationList = 85449E4129522B2500223A09 /* Build configuration list for PBXNativeTarget "Memorize 2020Tests" */;
			buildPhases = (
				85449E2629522B2500223A09 /* Sources */,
				85449E2729522B2500223A09 /* Frameworks */,
				85449E2829522B2500223A09 /* Resources */,
			);
			buildRules = (
			);
			dependencies = (
				85449E2C29522B2500223A09 /* PBXTargetDependency */,
			);
			name = "Memorize 2020Tests";
			productName = "Memorize 2020Tests";
			productReference = 85449E2A29522B2500223A09 /* Memorize 2020Tests.xctest */;
			productType = "com.apple.product-type.bundle.unit-test";
		};
		85449E3329522B2500223A09 /* Memorize 2020UITests */ = {
			isa = PBXNativeTarget;
			buildConfigurationList = 85449E4429522B2500223A09 /* Build configuration list for PBXNativeTarget "Memorize 2020UITests" */;
			buildPhases = (
				85449E3029522B2500223A09 /* Sources */,
				85449E3129522B2500223A09 /* Frameworks */,
				85449E3229522B2500223A09 /* Resources */,
			);
			buildRules = (
			);
			dependencies = (
				85449E3629522B2500223A09 /* PBXTargetDependency */,
			);
			name = "Memorize 2020UITests";
			productName = "Memorize 2020UITests";
			productReference = 85449E3429522B2500223A09 /* Memorize 2020UITests.xctest */;
			productType = "com.apple.product-type.bundle.ui-testing";
		};
/* End PBXNativeTarget section */

/* Begin PBXProject section */
		85449E1129522B2400223A09 /* Project object */ = {
			isa = PBXProject;
			attributes = {
				BuildIndependentTargetsInParallel = 1;
				LastSwiftUpdateCheck = 1420;
				LastUpgradeCheck = 1420;
				TargetAttributes = {
					85449E1829522B2400223A09 = {
						CreatedOnToolsVersion = 14.2;
					};
					85449E2929522B2500223A09 = {
						CreatedOnToolsVersion = 14.2;
						TestTargetID = 85449E1829522B2400223A09;
					};
					85449E3329522B2500223A09 = {
						CreatedOnToolsVersion = 14.2;
						TestTargetID = 85449E1829522B2400223A09;
					};
				};
			};
			buildConfigurationList = 85449E1429522B2400223A09 /* Build configuration list for PBXProject "Memorize 2020" */;
			compatibilityVersion = "Xcode 14.0";
			developmentRegion = en;
			hasScannedForEncodings = 0;
			knownRegions = (
				en,
				Base,
			);
			mainGroup = 85449E1029522B2400223A09;
			productRefGroup = 85449E1A29522B2400223A09 /* Products */;
			projectDirPath = "";
			projectRoot = "";
			targets = (
				85449E1829522B2400223A09 /* Memorize 2020 */,
				85449E2929522B2500223A09 /* Memorize 2020Tests */,
				85449E3329522B2500223A09 /* Memorize 2020UITests */,
			);
		};
/* End PBXProject section */

/* Begin PBXResourcesBuildPhase section */
		85449E1729522B2400223A09 /* Resources */ = {
			isa = PBXResourcesBuildPhase;
			buildActionMask = 2147483647;
			files = (
				85449E2529522B2500223A09 /* Preview Assets.xcassets in Resources */,
				85449E2129522B2500223A09 /* Assets.xcassets in Resources */,
				851C3E2E29523CF70036DCE4 /* landmarkData.json in Resources */,
			);
			runOnlyForDeploymentPostprocessing = 0;
		};
		85449E2829522B2500223A09 /* Resources */ = {
			isa = PBXResourcesBuildPhase;
			buildActionMask = 2147483647;
			files = (
			);
			runOnlyForDeploymentPostprocessing = 0;
		};
		85449E3229522B2500223A09 /* Resources */ = {
			isa = PBXResourcesBuildPhase;
			buildActionMask = 2147483647;
			files = (
			);
			runOnlyForDeploymentPostprocessing = 0;
		};
/* End PBXResourcesBuildPhase section */

/* Begin PBXSourcesBuildPhase section */
		85449E1529522B2400223A09 /* Sources */ = {
			isa = PBXSourcesBuildPhase;
			buildActionMask = 2147483647;
			files = (
				851C3E16295233C50036DCE4 /* Pie.swift in Sources */,
				851C3E192952348A0036DCE4 /* Cardify.swift in Sources */,
				85449E1F29522B2400223A09 /* ContentView.swift in Sources */,
				851C3E1F2952355F0036DCE4 /* Array+Only.swift in Sources */,
				851C3E21295235850036DCE4 /* Data.swift in Sources */,
				85449E4929522E0D00223A09 /* LandMarkDetail.swift in Sources */,
				851C3E27295237D30036DCE4 /* GridLayout.swift in Sources */,
				851C3E29295238110036DCE4 /* Landmark.swift in Sources */,
				85449E1D29522B2400223A09 /* Memorize_2020App.swift in Sources */,
				851C3E1D2952351E0036DCE4 /* Array+Identifiable.swift in Sources */,
				85449E4B29522E3400223A09 /* LandMarkList.swift in Sources */,
				85449E4D29522EE700223A09 /* LandMarkRow.swift in Sources */,
				851C3E2B295238380036DCE4 /* MemoryGame.swift in Sources */,
				851C3E1B295234AF0036DCE4 /* EmojiMemoryGame.swift in Sources */,
				851C3E24295237B50036DCE4 /* Grid.swift in Sources */,
			);
			runOnlyForDeploymentPostprocessing = 0;
		};
		85449E2629522B2500223A09 /* Sources */ = {
			isa = PBXSourcesBuildPhase;
			buildActionMask = 2147483647;
			files = (
				85449E2F29522B2500223A09 /* Memorize_2020Tests.swift in Sources */,
			);
			runOnlyForDeploymentPostprocessing = 0;
		};
		85449E3029522B2500223A09 /* Sources */ = {
			isa = PBXSourcesBuildPhase;
			buildActionMask = 2147483647;
			files = (
				85449E3B29522B2500223A09 /* Memorize_2020UITestsLaunchTests.swift in Sources */,
				85449E3929522B2500223A09 /* Memorize_2020UITests.swift in Sources */,
			);
			runOnlyForDeploymentPostprocessing = 0;
		};
/* End PBXSourcesBuildPhase section */

/* Begin PBXTargetDependency section */
		85449E2C29522B2500223A09 /* PBXTargetDependency */ = {
			isa = PBXTargetDependency;
			target = 85449E1829522B2400223A09 /* Memorize 2020 */;
			targetProxy = 85449E2B29522B2500223A09 /* PBXContainerItemProxy */;
		};
		85449E3629522B2500223A09 /* PBXTargetDependency */ = {
			isa = PBXTargetDependency;
			target = 85449E1829522B2400223A09 /* Memorize 2020 */;
			targetProxy = 85449E3529522B2500223A09 /* PBXContainerItemProxy */;
		};
/* End PBXTargetDependency section */

/* Begin XCBuildConfiguration section */
		85449E3C29522B2500223A09 /* Debug */ = {
			isa = XCBuildConfiguration;
			buildSettings = {
				ALWAYS_SEARCH_USER_PATHS = NO;
				CLANG_ANALYZER_NONNULL = YES;
				CLANG_ANALYZER_NUMBER_OBJECT_CONVERSION = YES_AGGRESSIVE;
				CLANG_CXX_LANGUAGE_STANDARD = "gnu++20";
				CLANG_ENABLE_MODULES = YES;
				CLANG_ENABLE_OBJC_ARC = YES;
				CLANG_ENABLE_OBJC_WEAK = YES;
				CLANG_WARN_BLOCK_CAPTURE_AUTORELEASING = YES;
				CLANG_WARN_BOOL_CONVERSION = YES;
				CLANG_WARN_COMMA = YES;
				CLANG_WARN_CONSTANT_CONVERSION = YES;
				CLANG_WARN_DEPRECATED_OBJC_IMPLEMENTATIONS = YES;
				CLANG_WARN_DIRECT_OBJC_ISA_USAGE = YES_ERROR;
				CLANG_WARN_DOCUMENTATION_COMMENTS = YES;
				CLANG_WARN_EMPTY_BODY = YES;
				CLANG_WARN_ENUM_CONVERSION = YES;
				CLANG_WARN_INFINITE_RECURSION = YES;
				CLANG_WARN_INT_CONVERSION = YES;
				CLANG_WARN_NON_LITERAL_NULL_CONVERSION = YES;
				CLANG_WARN_OBJC_IMPLICIT_RETAIN_SELF = YES;
				CLANG_WARN_OBJC_LITERAL_CONVERSION = YES;
				CLANG_WARN_OBJC_ROOT_CLASS = YES_ERROR;
				CLANG_WARN_QUOTED_INCLUDE_IN_FRAMEWORK_HEADER = YES;
				CLANG_WARN_RANGE_LOOP_ANALYSIS = YES;
				CLANG_WARN_STRICT_PROTOTYPES = YES;
				CLANG_WARN_SUSPICIOUS_MOVE = YES;
				CLANG_WARN_UNGUARDED_AVAILABILITY = YES_AGGRESSIVE;
				CLANG_WARN_UNREACHABLE_CODE = YES;
				CLANG_WARN__DUPLICATE_METHOD_MATCH = YES;
				COPY_PHASE_STRIP = NO;
				DEBUG_INFORMATION_FORMAT = dwarf;
				ENABLE_STRICT_OBJC_MSGSEND = YES;
				ENABLE_TESTABILITY = YES;
				GCC_C_LANGUAGE_STANDARD = gnu11;
				GCC_DYNAMIC_NO_PIC = NO;
				GCC_NO_COMMON_BLOCKS = YES;
				GCC_OPTIMIZATION_LEVEL = 0;
				GCC_PREPROCESSOR_DEFINITIONS = (
					"DEBUG=1",
					"$(inherited)",
				);
				GCC_WARN_64_TO_32_BIT_CONVERSION = YES;
				GCC_WARN_ABOUT_RETURN_TYPE = YES_ERROR;
				GCC_WARN_UNDECLARED_SELECTOR = YES;
				GCC_WARN_UNINITIALIZED_AUTOS = YES_AGGRESSIVE;
				GCC_WARN_UNUSED_FUNCTION = YES;
				GCC_WARN_UNUSED_VARIABLE = YES;
				MTL_ENABLE_DEBUG_INFO = INCLUDE_SOURCE;
				MTL_FAST_MATH = YES;
				ONLY_ACTIVE_ARCH = YES;
				SWIFT_ACTIVE_COMPILATION_CONDITIONS = DEBUG;
				SWIFT_OPTIMIZATION_LEVEL = "-Onone";
			};
			name = Debug;
		};
		85449E3D29522B2500223A09 /* Release */ = {
			isa = XCBuildConfiguration;
			buildSettings = {
				ALWAYS_SEARCH_USER_PATHS = NO;
				CLANG_ANALYZER_NONNULL = YES;
				CLANG_ANALYZER_NUMBER_OBJECT_CONVERSION = YES_AGGRESSIVE;
				CLANG_CXX_LANGUAGE_STANDARD = "gnu++20";
				CLANG_ENABLE_MODULES = YES;
				CLANG_ENABLE_OBJC_ARC = YES;
				CLANG_ENABLE_OBJC_WEAK = YES;
				CLANG_WARN_BLOCK_CAPTURE_AUTORELEASING = YES;
				CLANG_WARN_BOOL_CONVERSION = YES;
				CLANG_WARN_COMMA = YES;
				CLANG_WARN_CONSTANT_CONVERSION = YES;
				CLANG_WARN_DEPRECATED_OBJC_IMPLEMENTATIONS = YES;
				CLANG_WARN_DIRECT_OBJC_ISA_USAGE = YES_ERROR;
				CLANG_WARN_DOCUMENTATION_COMMENTS = YES;
				CLANG_WARN_EMPTY_BODY = YES;
				CLANG_WARN_ENUM_CONVERSION = YES;
				CLANG_WARN_INFINITE_RECURSION = YES;
				CLANG_WARN_INT_CONVERSION = YES;
				CLANG_WARN_NON_LITERAL_NULL_CONVERSION = YES;
				CLANG_WARN_OBJC_IMPLICIT_RETAIN_SELF = YES;
				CLANG_WARN_OBJC_LITERAL_CONVERSION = YES;
				CLANG_WARN_OBJC_ROOT_CLASS = YES_ERROR;
				CLANG_WARN_QUOTED_INCLUDE_IN_FRAMEWORK_HEADER = YES;
				CLANG_WARN_RANGE_LOOP_ANALYSIS = YES;
				CLANG_WARN_STRICT_PROTOTYPES = YES;
				CLANG_WARN_SUSPICIOUS_MOVE = YES;
				CLANG_WARN_UNGUARDED_AVAILABILITY = YES_AGGRESSIVE;
				CLANG_WARN_UNREACHABLE_CODE = YES;
				CLANG_WARN__DUPLICATE_METHOD_MATCH = YES;
				COPY_PHASE_STRIP = NO;
				DEBUG_INFORMATION_FORMAT = "dwarf-with-dsym";
				ENABLE_NS_ASSERTIONS = NO;
				ENABLE_STRICT_OBJC_MSGSEND = YES;
				GCC_C_LANGUAGE_STANDARD = gnu11;
				GCC_NO_COMMON_BLOCKS = YES;
				GCC_WARN_64_TO_32_BIT_CONVERSION = YES;
				GCC_WARN_ABOUT_RETURN_TYPE = YES_ERROR;
				GCC_WARN_UNDECLARED_SELECTOR = YES;
				GCC_WARN_UNINITIALIZED_AUTOS = YES_AGGRESSIVE;
				GCC_WARN_UNUSED_FUNCTION = YES;
				GCC_WARN_UNUSED_VARIABLE = YES;
				MTL_ENABLE_DEBUG_INFO = NO;
				MTL_FAST_MATH = YES;
				SWIFT_COMPILATION_MODE = wholemodule;
				SWIFT_OPTIMIZATION_LEVEL = "-O";
			};
			name = Release;
		};
		85449E3F29522B2500223A09 /* Debug */ = {
			isa = XCBuildConfiguration;
			buildSettings = {
				ASSETCATALOG_COMPILER_APPICON_NAME = AppIcon;
				ASSETCATALOG_COMPILER_GLOBAL_ACCENT_COLOR_NAME = AccentColor;
				CODE_SIGN_ENTITLEMENTS = "Memorize 2020/Memorize_2020.entitlements";
				CODE_SIGN_STYLE = Automatic;
				CURRENT_PROJECT_VERSION = 1;
				DEVELOPMENT_ASSET_PATHS = "\"Memorize 2020/Preview Content\"";
				ENABLE_PREVIEWS = YES;
				GENERATE_INFOPLIST_FILE = YES;
				"INFOPLIST_KEY_UIApplicationSceneManifest_Generation[sdk=iphoneos*]" = YES;
				"INFOPLIST_KEY_UIApplicationSceneManifest_Generation[sdk=iphonesimulator*]" = YES;
				"INFOPLIST_KEY_UIApplicationSupportsIndirectInputEvents[sdk=iphoneos*]" = YES;
				"INFOPLIST_KEY_UIApplicationSupportsIndirectInputEvents[sdk=iphonesimulator*]" = YES;
				"INFOPLIST_KEY_UILaunchScreen_Generation[sdk=iphoneos*]" = YES;
				"INFOPLIST_KEY_UILaunchScreen_Generation[sdk=iphonesimulator*]" = YES;
				"INFOPLIST_KEY_UIStatusBarStyle[sdk=iphoneos*]" = UIStatusBarStyleDefault;
				"INFOPLIST_KEY_UIStatusBarStyle[sdk=iphonesimulator*]" = UIStatusBarStyleDefault;
				INFOPLIST_KEY_UISupportedInterfaceOrientations_iPad = "UIInterfaceOrientationPortrait UIInterfaceOrientationPortraitUpsideDown UIInterfaceOrientationLandscapeLeft UIInterfaceOrientationLandscapeRight";
				INFOPLIST_KEY_UISupportedInterfaceOrientations_iPhone = "UIInterfaceOrientationPortrait UIInterfaceOrientationLandscapeLeft UIInterfaceOrientationLandscapeRight";
				IPHONEOS_DEPLOYMENT_TARGET = 16.2;
				LD_RUNPATH_SEARCH_PATHS = "@executable_path/Frameworks";
				"LD_RUNPATH_SEARCH_PATHS[sdk=macosx*]" = "@executable_path/../Frameworks";
				MACOSX_DEPLOYMENT_TARGET = 13.1;
				MARKETING_VERSION = 1.0;
				PRODUCT_BUNDLE_IDENTIFIER = "orlandomoraesmartins.Memorize-2020";
				PRODUCT_NAME = "$(TARGET_NAME)";
				SDKROOT = auto;
				SUPPORTED_PLATFORMS = "iphoneos iphonesimulator macosx";
				SWIFT_EMIT_LOC_STRINGS = YES;
				SWIFT_VERSION = 5.0;
				TARGETED_DEVICE_FAMILY = "1,2";
			};
			name = Debug;
		};
		85449E4029522B2500223A09 /* Release */ = {
			isa = XCBuildConfiguration;
			buildSettings = {
				ASSETCATALOG_COMPILER_APPICON_NAME = AppIcon;
				ASSETCATALOG_COMPILER_GLOBAL_ACCENT_COLOR_NAME = AccentColor;
				CODE_SIGN_ENTITLEMENTS = "Memorize 2020/Memorize_2020.entitlements";
				CODE_SIGN_STYLE = Automatic;
				CURRENT_PROJECT_VERSION = 1;
				DEVELOPMENT_ASSET_PATHS = "\"Memorize 2020/Preview Content\"";
				ENABLE_PREVIEWS = YES;
				GENERATE_INFOPLIST_FILE = YES;
				"INFOPLIST_KEY_UIApplicationSceneManifest_Generation[sdk=iphoneos*]" = YES;
				"INFOPLIST_KEY_UIApplicationSceneManifest_Generation[sdk=iphonesimulator*]" = YES;
				"INFOPLIST_KEY_UIApplicationSupportsIndirectInputEvents[sdk=iphoneos*]" = YES;
				"INFOPLIST_KEY_UIApplicationSupportsIndirectInputEvents[sdk=iphonesimulator*]" = YES;
				"INFOPLIST_KEY_UILaunchScreen_Generation[sdk=iphoneos*]" = YES;
				"INFOPLIST_KEY_UILaunchScreen_Generation[sdk=iphonesimulator*]" = YES;
				"INFOPLIST_KEY_UIStatusBarStyle[sdk=iphoneos*]" = UIStatusBarStyleDefault;
				"INFOPLIST_KEY_UIStatusBarStyle[sdk=iphonesimulator*]" = UIStatusBarStyleDefault;
				INFOPLIST_KEY_UISupportedInterfaceOrientations_iPad = "UIInterfaceOrientationPortrait UIInterfaceOrientationPortraitUpsideDown UIInterfaceOrientationLandscapeLeft UIInterfaceOrientationLandscapeRight";
				INFOPLIST_KEY_UISupportedInterfaceOrientations_iPhone = "UIInterfaceOrientationPortrait UIInterfaceOrientationLandscapeLeft UIInterfaceOrientationLandscapeRight";
				IPHONEOS_DEPLOYMENT_TARGET = 16.2;
				LD_RUNPATH_SEARCH_PATHS = "@executable_path/Frameworks";
				"LD_RUNPATH_SEARCH_PATHS[sdk=macosx*]" = "@executable_path/../Frameworks";
				MACOSX_DEPLOYMENT_TARGET = 13.1;
				MARKETING_VERSION = 1.0;
				PRODUCT_BUNDLE_IDENTIFIER = "orlandomoraesmartins.Memorize-2020";
				PRODUCT_NAME = "$(TARGET_NAME)";
				SDKROOT = auto;
				SUPPORTED_PLATFORMS = "iphoneos iphonesimulator macosx";
				SWIFT_EMIT_LOC_STRINGS = YES;
				SWIFT_VERSION = 5.0;
				TARGETED_DEVICE_FAMILY = "1,2";
			};
			name = Release;
		};
		85449E4229522B2500223A09 /* Debug */ = {
			isa = XCBuildConfiguration;
			buildSettings = {
				ALWAYS_EMBED_SWIFT_STANDARD_LIBRARIES = YES;
				BUNDLE_LOADER = "$(TEST_HOST)";
				CODE_SIGN_STYLE = Automatic;
				CURRENT_PROJECT_VERSION = 1;
				GENERATE_INFOPLIST_FILE = YES;
				IPHONEOS_DEPLOYMENT_TARGET = 16.2;
				MACOSX_DEPLOYMENT_TARGET = 13.1;
				MARKETING_VERSION = 1.0;
				PRODUCT_BUNDLE_IDENTIFIER = "orlandomoraesmartins.Memorize-2020Tests";
				PRODUCT_NAME = "$(TARGET_NAME)";
				SDKROOT = auto;
				SUPPORTED_PLATFORMS = "iphoneos iphonesimulator macosx";
				SWIFT_EMIT_LOC_STRINGS = NO;
				SWIFT_VERSION = 5.0;
				TARGETED_DEVICE_FAMILY = "1,2";
				TEST_HOST = "$(BUILT_PRODUCTS_DIR)/Memorize 2020.app/$(BUNDLE_EXECUTABLE_FOLDER_PATH)/Memorize 2020";
			};
			name = Debug;
		};
		85449E4329522B2500223A09 /* Release */ = {
			isa = XCBuildConfiguration;
			buildSettings = {
				ALWAYS_EMBED_SWIFT_STANDARD_LIBRARIES = YES;
				BUNDLE_LOADER = "$(TEST_HOST)";
				CODE_SIGN_STYLE = Automatic;
				CURRENT_PROJECT_VERSION = 1;
				GENERATE_INFOPLIST_FILE = YES;
				IPHONEOS_DEPLOYMENT_TARGET = 16.2;
				MACOSX_DEPLOYMENT_TARGET = 13.1;
				MARKETING_VERSION = 1.0;
				PRODUCT_BUNDLE_IDENTIFIER = "orlandomoraesmartins.Memorize-2020Tests";
				PRODUCT_NAME = "$(TARGET_NAME)";
				SDKROOT = auto;
				SUPPORTED_PLATFORMS = "iphoneos iphonesimulator macosx";
				SWIFT_EMIT_LOC_STRINGS = NO;
				SWIFT_VERSION = 5.0;
				TARGETED_DEVICE_FAMILY = "1,2";
				TEST_HOST = "$(BUILT_PRODUCTS_DIR)/Memorize 2020.app/$(BUNDLE_EXECUTABLE_FOLDER_PATH)/Memorize 2020";
			};
			name = Release;
		};
		85449E4529522B2500223A09 /* Debug */ = {
			isa = XCBuildConfiguration;
			buildSettings = {
				ALWAYS_EMBED_SWIFT_STANDARD_LIBRARIES = YES;
				CODE_SIGN_STYLE = Automatic;
				CURRENT_PROJECT_VERSION = 1;
				GENERATE_INFOPLIST_FILE = YES;
				IPHONEOS_DEPLOYMENT_TARGET = 16.2;
				MACOSX_DEPLOYMENT_TARGET = 13.1;
				MARKETING_VERSION = 1.0;
				PRODUCT_BUNDLE_IDENTIFIER = "orlandomoraesmartins.Memorize-2020UITests";
				PRODUCT_NAME = "$(TARGET_NAME)";
				SDKROOT = auto;
				SUPPORTED_PLATFORMS = "iphoneos iphonesimulator macosx";
				SWIFT_EMIT_LOC_STRINGS = NO;
				SWIFT_VERSION = 5.0;
				TARGETED_DEVICE_FAMILY = "1,2";
				TEST_TARGET_NAME = "Memorize 2020";
			};
			name = Debug;
		};
		85449E4629522B2500223A09 /* Release */ = {
			isa = XCBuildConfiguration;
			buildSettings = {
				ALWAYS_EMBED_SWIFT_STANDARD_LIBRARIES = YES;
				CODE_SIGN_STYLE = Automatic;
				CURRENT_PROJECT_VERSION = 1;
				GENERATE_INFOPLIST_FILE = YES;
				IPHONEOS_DEPLOYMENT_TARGET = 16.2;
				MACOSX_DEPLOYMENT_TARGET = 13.1;
				MARKETING_VERSION = 1.0;
				PRODUCT_BUNDLE_IDENTIFIER = "orlandomoraesmartins.Memorize-2020UITests";
				PRODUCT_NAME = "$(TARGET_NAME)";
				SDKROOT = auto;
				SUPPORTED_PLATFORMS = "iphoneos iphonesimulator macosx";
				SWIFT_EMIT_LOC_STRINGS = NO;
				SWIFT_VERSION = 5.0;
				TARGETED_DEVICE_FAMILY = "1,2";
				TEST_TARGET_NAME = "Memorize 2020";
			};
			name = Release;
		};
/* End XCBuildConfiguration section */

/* Begin XCConfigurationList section */
		85449E1429522B2400223A09 /* Build configuration list for PBXProject "Memorize 2020" */ = {
			isa = XCConfigurationList;
			buildConfigurations = (
				85449E3C29522B2500223A09 /* Debug */,
				85449E3D29522B2500223A09 /* Release */,
			);
			defaultConfigurationIsVisible = 0;
			defaultConfigurationName = Release;
		};
		85449E3E29522B2500223A09 /* Build configuration list for PBXNativeTarget "Memorize 2020" */ = {
			isa = XCConfigurationList;
			buildConfigurations = (
				85449E3F29522B2500223A09 /* Debug */,
				85449E4029522B2500223A09 /* Release */,
			);
			defaultConfigurationIsVisible = 0;
			defaultConfigurationName = Release;
		};
		85449E4129522B2500223A09 /* Build configuration list for PBXNativeTarget "Memorize 2020Tests" */ = {
			isa = XCConfigurationList;
			buildConfigurations = (
				85449E4229522B2500223A09 /* Debug */,
				85449E4329522B2500223A09 /* Release */,
			);
			defaultConfigurationIsVisible = 0;
			defaultConfigurationName = Release;
		};
		85449E4429522B2500223A09 /* Build configuration list for PBXNativeTarget "Memorize 2020UITests" */ = {
			isa = XCConfigurationList;
			buildConfigurations = (
				85449E4529522B2500223A09 /* Debug */,
				85449E4629522B2500223A09 /* Release */,
			);
			defaultConfigurationIsVisible = 0;
			defaultConfigurationName = Release;
		};
/* End XCConfigurationList section */
	};
	rootObject = 85449E1129522B2400223A09 /* Project object */;
}
